// !$*UTF8*$!
{
	archiveVersion = 1;
	classes = {
	};
	objectVersion = 46;
	objects = {

/* Begin PBXBuildFile section */
		1804E5DA1F4575270087EC2B /* main.m in Sources */ = {isa = PBXBuildFile; fileRef = 1804E5D91F4575270087EC2B /* main.m */; };
		1804E5DD1F4575270087EC2B /* AppDelegate.m in Sources */ = {isa = PBXBuildFile; fileRef = 1804E5DC1F4575270087EC2B /* AppDelegate.m */; };
		1804E5E01F4575270087EC2B /* ViewController.m in Sources */ = {isa = PBXBuildFile; fileRef = 1804E5DF1F4575270087EC2B /* ViewController.m */; };
		1804E5E31F4575270087EC2B /* Main.storyboard in Resources */ = {isa = PBXBuildFile; fileRef = 1804E5E11F4575270087EC2B /* Main.storyboard */; };
		1804E5E51F4575270087EC2B /* Assets.xcassets in Resources */ = {isa = PBXBuildFile; fileRef = 1804E5E41F4575270087EC2B /* Assets.xcassets */; };
		1804E5E81F4575270087EC2B /* LaunchScreen.storyboard in Resources */ = {isa = PBXBuildFile; fileRef = 1804E5E61F4575270087EC2B /* LaunchScreen.storyboard */; };
		1804E5F21F45757B0087EC2B /* GetColorViewController.m in Sources */ = {isa = PBXBuildFile; fileRef = 1804E5F01F45757B0087EC2B /* GetColorViewController.m */; };
		1804E5F31F45757B0087EC2B /* GetColorViewController.xib in Resources */ = {isa = PBXBuildFile; fileRef = 1804E5F11F45757B0087EC2B /* GetColorViewController.xib */; };
		1804E5F71F4578450087EC2B /* UIView+ColorOfPoint.m in Sources */ = {isa = PBXBuildFile; fileRef = 1804E5F61F4578450087EC2B /* UIView+ColorOfPoint.m */; };
		1804E5FB1F45791B0087EC2B /* UIColor+Extension.m in Sources */ = {isa = PBXBuildFile; fileRef = 1804E5FA1F45791B0087EC2B /* UIColor+Extension.m */; };
/* End PBXBuildFile section */

/* Begin PBXFileReference section */
		1804E5D51F4575270087EC2B /* GetColor.app */ = {isa = PBXFileReference; explicitFileType = wrapper.application; includeInIndex = 0; path = GetColor.app; sourceTree = BUILT_PRODUCTS_DIR; };
		1804E5D91F4575270087EC2B /* main.m */ = {isa = PBXFileReference; lastKnownFileType = sourcecode.c.objc; path = main.m; sourceTree = "<group>"; };
		1804E5DB1F4575270087EC2B /* AppDelegate.h */ = {isa = PBXFileReference; lastKnownFileType = sourcecode.c.h; path = AppDelegate.h; sourceTree = "<group>"; };
		1804E5DC1F4575270087EC2B /* AppDelegate.m */ = {isa = PBXFileReference; lastKnownFileType = sourcecode.c.objc; path = AppDelegate.m; sourceTree = "<group>"; };
		1804E5DE1F4575270087EC2B /* ViewController.h */ = {isa = PBXFileReference; lastKnownFileType = sourcecode.c.h; path = ViewController.h; sourceTree = "<group>"; };
		1804E5DF1F4575270087EC2B /* ViewController.m */ = {isa = PBXFileReference; lastKnownFileType = sourcecode.c.objc; path = ViewController.m; sourceTree = "<group>"; };
		1804E5E21F4575270087EC2B /* Base */ = {isa = PBXFileReference; lastKnownFileType = file.storyboard; name = Base; path = Base.lproj/Main.storyboard; sourceTree = "<group>"; };
		1804E5E41F4575270087EC2B /* Assets.xcassets */ = {isa = PBXFileReference; lastKnownFileType = folder.assetcatalog; path = Assets.xcassets; sourceTree = "<group>"; };
		1804E5E71F4575270087EC2B /* Base */ = {isa = PBXFileReference; lastKnownFileType = file.storyboard; name = Base; path = Base.lproj/LaunchScreen.storyboard; sourceTree = "<group>"; };
		1804E5E91F4575270087EC2B /* Info.plist */ = {isa = PBXFileReference; lastKnownFileType = text.plist.xml; path = Info.plist; sourceTree = "<group>"; };
		1804E5EF1F45757B0087EC2B /* GetColorViewController.h */ = {isa = PBXFileReference; fileEncoding = 4; lastKnownFileType = sourcecode.c.h; path = GetColorViewController.h; sourceTree = "<group>"; };
		1804E5F01F45757B0087EC2B /* GetColorViewController.m */ = {isa = PBXFileReference; fileEncoding = 4; lastKnownFileType = sourcecode.c.objc; path = GetColorViewController.m; sourceTree = "<group>"; };
		1804E5F11F45757B0087EC2B /* GetColorViewController.xib */ = {isa = PBXFileReference; fileEncoding = 4; lastKnownFileType = file.xib; path = GetColorViewController.xib; sourceTree = "<group>"; };
		1804E5F51F4578450087EC2B /* UIView+ColorOfPoint.h */ = {isa = PBXFileReference; fileEncoding = 4; lastKnownFileType = sourcecode.c.h; path = "UIView+ColorOfPoint.h"; sourceTree = "<group>"; };
		1804E5F61F4578450087EC2B /* UIView+ColorOfPoint.m */ = {isa = PBXFileReference; fileEncoding = 4; lastKnownFileType = sourcecode.c.objc; path = "UIView+ColorOfPoint.m"; sourceTree = "<group>"; };
		1804E5F91F45791B0087EC2B /* UIColor+Extension.h */ = {isa = PBXFileReference; fileEncoding = 4; lastKnownFileType = sourcecode.c.h; path = "UIColor+Extension.h"; sourceTree = "<group>"; };
		1804E5FA1F45791B0087EC2B /* UIColor+Extension.m */ = {isa = PBXFileReference; fileEncoding = 4; lastKnownFileType = sourcecode.c.objc; path = "UIColor+Extension.m"; sourceTree = "<group>"; };
/* End PBXFileReference section */

/* Begin PBXFrameworksBuildPhase section */
		1804E5D21F4575270087EC2B /* Frameworks */ = {
			isa = PBXFrameworksBuildPhase;
			buildActionMask = 2147483647;
			files = (
			);
			runOnlyForDeploymentPostprocessing = 0;
		};
/* End PBXFrameworksBuildPhase section */

/* Begin PBXGroup section */
		1804E5CC1F4575270087EC2B = {
			isa = PBXGroup;
			children = (
				1804E5D71F4575270087EC2B /* GetColor */,
				1804E5D61F4575270087EC2B /* Products */,
			);
			sourceTree = "<group>";
		};
		1804E5D61F4575270087EC2B /* Products */ = {
			isa = PBXGroup;
			children = (
				1804E5D51F4575270087EC2B /* GetColor.app */,
			);
			name = Products;
			sourceTree = "<group>";
		};
		1804E5D71F4575270087EC2B /* GetColor */ = {
			isa = PBXGroup;
			children = (
				1804E5F41F4577F40087EC2B /* Category */,
				1804E5DB1F4575270087EC2B /* AppDelegate.h */,
				1804E5DC1F4575270087EC2B /* AppDelegate.m */,
				1804E5EF1F45757B0087EC2B /* GetColorViewController.h */,
				1804E5F01F45757B0087EC2B /* GetColorViewController.m */,
				1804E5F11F45757B0087EC2B /* GetColorViewController.xib */,
				1804E5DE1F4575270087EC2B /* ViewController.h */,
				1804E5DF1F4575270087EC2B /* ViewController.m */,
				1804E5E11F4575270087EC2B /* Main.storyboard */,
				1804E5E41F4575270087EC2B /* Assets.xcassets */,
				1804E5E61F4575270087EC2B /* LaunchScreen.storyboard */,
				1804E5E91F4575270087EC2B /* Info.plist */,
				1804E5D81F4575270087EC2B /* Supporting Files */,
			);
			path = GetColor;
			sourceTree = "<group>";
		};
		1804E5D81F4575270087EC2B /* Supporting Files */ = {
			isa = PBXGroup;
			children = (
				1804E5D91F4575270087EC2B /* main.m */,
			);
			name = "Supporting Files";
			sourceTree = "<group>";
		};
		1804E5F41F4577F40087EC2B /* Category */ = {
			isa = PBXGroup;
			children = (
				1804E5F51F4578450087EC2B /* UIView+ColorOfPoint.h */,
				1804E5F61F4578450087EC2B /* UIView+ColorOfPoint.m */,
				1804E5F91F45791B0087EC2B /* UIColor+Extension.h */,
				1804E5FA1F45791B0087EC2B /* UIColor+Extension.m */,
			);
			path = Category;
			sourceTree = "<group>";
		};
/* End PBXGroup section */

/* Begin PBXNativeTarget section */
		1804E5D41F4575270087EC2B /* GetColor */ = {
			isa = PBXNativeTarget;
			buildConfigurationList = 1804E5EC1F4575270087EC2B /* Build configuration list for PBXNativeTarget "GetColor" */;
			buildPhases = (
				1804E5D11F4575270087EC2B /* Sources */,
				1804E5D21F4575270087EC2B /* Frameworks */,
				1804E5D31F4575270087EC2B /* Resources */,
			);
			buildRules = (
			);
			dependencies = (
			);
			name = GetColor;
			productName = GetColor;
			productReference = 1804E5D51F4575270087EC2B /* GetColor.app */;
			productType = "com.apple.product-type.application";
		};
/* End PBXNativeTarget section */

/* Begin PBXProject section */
		1804E5CD1F4575270087EC2B /* Project object */ = {
			isa = PBXProject;
			attributes = {
				LastUpgradeCheck = 0830;
				ORGANIZATIONNAME = otto;
				TargetAttributes = {
					1804E5D41F4575270087EC2B = {
						CreatedOnToolsVersion = 8.3.2;
						DevelopmentTeam = Q5653QX697;
						ProvisioningStyle = Automatic;
					};
				};
			};
			buildConfigurationList = 1804E5D01F4575270087EC2B /* Build configuration list for PBXProject "GetColor" */;
			compatibilityVersion = "Xcode 3.2";
			developmentRegion = English;
			hasScannedForEncodings = 0;
			knownRegions = (
				en,
				Base,
			);
			mainGroup = 1804E5CC1F4575270087EC2B;
			productRefGroup = 1804E5D61F4575270087EC2B /* Products */;
			projectDirPath = "";
			projectRoot = "";
			targets = (
				1804E5D41F4575270087EC2B /* GetColor */,
			);
		};
/* End PBXProject section */

/* Begin PBXResourcesBuildPhase section */
		1804E5D31F4575270087EC2B /* Resources */ = {
			isa = PBXResourcesBuildPhase;
			buildActionMask = 2147483647;
			files = (
				1804E5E81F4575270087EC2B /* LaunchScreen.storyboard in Resources */,
				1804E5F31F45757B0087EC2B /* GetColorViewController.xib in Resources */,
				1804E5E51F4575270087EC2B /* Assets.xcassets in Resources */,
				1804E5E31F4575270087EC2B /* Main.storyboard in Resources */,
			);
			runOnlyForDeploymentPostprocessing = 0;
		};
/* End PBXResourcesBuildPhase section */

/* Begin PBXSourcesBuildPhase section */
		1804E5D11F4575270087EC2B /* Sources */ = {
			isa = PBXSourcesBuildPhase;
			buildActionMask = 2147483647;
			files = (
				1804E5E01F4575270087EC2B /* ViewController.m in Sources */,
				1804E5FB1F45791B0087EC2B /* UIColor+Extension.m in Sources */,
				1804E5F21F45757B0087EC2B /* GetColorViewController.m in Sources */,
				1804E5F71F4578450087EC2B /* UIView+ColorOfPoint.m in Sources */,
				1804E5DD1F4575270087EC2B /* AppDelegate.m in Sources */,
				1804E5DA1F4575270087EC2B /* main.m in Sources */,
			);
			runOnlyForDeploymentPostprocessing = 0;
		};
/* End PBXSourcesBuildPhase section */

/* Begin PBXVariantGroup section */
		1804E5E11F4575270087EC2B /* Main.storyboard */ = {
			isa = PBXVariantGroup;
			children = (
				1804E5E21F4575270087EC2B /* Base */,
			);
			name = Main.storyboard;
			sourceTree = "<group>";
		};
		1804E5E61F4575270087EC2B /* LaunchScreen.storyboard */ = {
			isa = PBXVariantGroup;
			children = (
				1804E5E71F4575270087EC2B /* Base */,
			);
			name = LaunchScreen.storyboard;
			sourceTree = "<group>";
		};
/* End PBXVariantGroup section */

/* Begin XCBuildConfiguration section */
		1804E5EA1F4575270087EC2B /* Debug */ = {
			isa = XCBuildConfiguration;
			buildSettings = {
				ALWAYS_SEARCH_USER_PATHS = NO;
				CLANG_ANALYZER_NONNULL = YES;
				CLANG_ANALYZER_NUMBER_OBJECT_CONVERSION = YES_AGGRESSIVE;
				CLANG_CXX_LANGUAGE_STANDARD = "gnu++0x";
				CLANG_CXX_LIBRARY = "libc++";
				CLANG_ENABLE_MODULES = YES;
				CLANG_ENABLE_OBJC_ARC = YES;
				CLANG_WARN_BOOL_CONVERSION = YES;
				CLANG_WARN_CONSTANT_CONVERSION = YES;
				CLANG_WARN_DIRECT_OBJC_ISA_USAGE = YES_ERROR;
				CLANG_WARN_DOCUMENTATION_COMMENTS = YES;
				CLANG_WARN_EMPTY_BODY = YES;
				CLANG_WARN_ENUM_CONVERSION = YES;
				CLANG_WARN_INFINITE_RECURSION = YES;
				CLANG_WARN_INT_CONVERSION = YES;
				CLANG_WARN_OBJC_ROOT_CLASS = YES_ERROR;
				CLANG_WARN_SUSPICIOUS_MOVE = YES;
				CLANG_WARN_UNREACHABLE_CODE = YES;
				CLANG_WARN__DUPLICATE_METHOD_MATCH = YES;
				"CODE_SIGN_IDENTITY[sdk=iphoneos*]" = "iPhone Developer";
				COPY_PHASE_STRIP = NO;
				DEBUG_INFORMATION_FORMAT = dwarf;
				ENABLE_STRICT_OBJC_MSGSEND = YES;
				ENABLE_TESTABILITY = YES;
				GCC_C_LANGUAGE_STANDARD = gnu99;
				GCC_DYNAMIC_NO_PIC = NO;
				GCC_NO_COMMON_BLOCKS = YES;
				GCC_OPTIMIZATION_LEVEL = 0;
				GCC_PREPROCESSOR_DEFINITIONS = (
					"DEBUG=1",
					"$(inherited)",
				);
				GCC_WARN_64_TO_32_BIT_CONVERSION = YES;
				GCC_WARN_ABOUT_RETURN_TYPE = YES_ERROR;
				GCC_WARN_UNDECLARED_SELECTOR = YES;
				GCC_WARN_UNINITIALIZED_AUTOS = YES_AGGRESSIVE;
				GCC_WARN_UNUSED_FUNCTION = YES;
				GCC_WARN_UNUSED_VARIABLE = YES;
				IPHONEOS_DEPLOYMENT_TARGET = 10.3;
				MTL_ENABLE_DEBUG_INFO = YES;
				ONLY_ACTIVE_ARCH = YES;
				SDKROOT = iphoneos;
				TARGETED_DEVICE_FAMILY = "1,2";
			};
			name = Debug;
		};
		1804E5EB1F4575270087EC2B /* Release */ = {
			isa = XCBuildConfiguration;
			buildSettings = {
				ALWAYS_SEARCH_USER_PATHS = NO;
				CLANG_ANALYZER_NONNULL = YES;
				CLANG_ANALYZER_NUMBER_OBJECT_CONVERSION = YES_AGGRESSIVE;
				CLANG_CXX_LANGUAGE_STANDARD = "gnu++0x";
				CLANG_CXX_LIBRARY = "libc++";
				CLANG_ENABLE_MODULES = YES;
				CLANG_ENABLE_OBJC_ARC = YES;
				CLANG_WARN_BOOL_CONVERSION = YES;
				CLANG_WARN_CONSTANT_CONVERSION = YES;
				CLANG_WARN_DIRECT_OBJC_ISA_USAGE = YES_ERROR;
				CLANG_WARN_DOCUMENTATION_COMMENTS = YES;
				CLANG_WARN_EMPTY_BODY = YES;
				CLANG_WARN_ENUM_CONVERSION = YES;
				CLANG_WARN_INFINITE_RECURSION = YES;
				CLANG_WARN_INT_CONVERSION = YES;
				CLANG_WARN_OBJC_ROOT_CLASS = YES_ERROR;
				CLANG_WARN_SUSPICIOUS_MOVE = YES;
				CLANG_WARN_UNREACHABLE_CODE = YES;
				CLANG_WARN__DUPLICATE_METHOD_MATCH = YES;
				"CODE_SIGN_IDENTITY[sdk=iphoneos*]" = "iPhone Developer";
				COPY_PHASE_STRIP = NO;
				DEBUG_INFORMATION_FORMAT = "dwarf-with-dsym";
				ENABLE_NS_ASSERTIONS = NO;
				ENABLE_STRICT_OBJC_MSGSEND = YES;
				GCC_C_LANGUAGE_STANDARD = gnu99;
				GCC_NO_COMMON_BLOCKS = YES;
				GCC_WARN_64_TO_32_BIT_CONVERSION = YES;
				GCC_WARN_ABOUT_RETURN_TYPE = YES_ERROR;
				GCC_WARN_UNDECLARED_SELECTOR = YES;
				GCC_WARN_UNINITIALIZED_AUTOS = YES_AGGRESSIVE;
				GCC_WARN_UNUSED_FUNCTION = YES;
				GCC_WARN_UNUSED_VARIABLE = YES;
				IPHONEOS_DEPLOYMENT_TARGET = 10.3;
				MTL_ENABLE_DEBUG_INFO = NO;
				SDKROOT = iphoneos;
				TARGETED_DEVICE_FAMILY = "1,2";
				VALIDATE_PRODUCT = YES;
			};
			name = Release;
		};
		1804E5ED1F4575270087EC2B /* Debug */ = {
			isa = XCBuildConfiguration;
			buildSettings = {
				ASSETCATALOG_COMPILER_APPICON_NAME = AppIcon;
				DEVELOPMENT_TEAM = Q5653QX697;
				INFOPLIST_FILE = GetColor/Info.plist;
				IPHONEOS_DEPLOYMENT_TARGET = 9.0;
				LD_RUNPATH_SEARCH_PATHS = "$(inherited) @executable_path/Frameworks";
				PRODUCT_BUNDLE_IDENTIFIER = otto.GetColor;
				PRODUCT_NAME = "$(TARGET_NAME)";
				TARGETED_DEVICE_FAMILY = 1;
			};
			name = Debug;
		};
		1804E5EE1F4575270087EC2B /* Release */ = {
			isa = XCBuildConfiguration;
			buildSettings = {
				ASSETCATALOG_COMPILER_APPICON_NAME = AppIcon;
				DEVELOPMENT_TEAM = Q5653QX697;
				INFOPLIST_FILE = GetColor/Info.plist;
				IPHONEOS_DEPLOYMENT_TARGET = 9.0;
				LD_RUNPATH_SEARCH_PATHS = "$(inherited) @executable_path/Frameworks";
				PRODUCT_BUNDLE_IDENTIFIER = otto.GetColor;
				PRODUCT_NAME = "$(TARGET_NAME)";
				TARGETED_DEVICE_FAMILY = 1;
			};
			name = Release;
		};
/* End XCBuildConfiguration section */

/* Begin XCConfigurationList section */
		1804E5D01F4575270087EC2B /* Build configuration list for PBXProject "GetColor" */ = {
			isa = XCConfigurationList;
			buildConfigurations = (
				1804E5EA1F4575270087EC2B /* Debug */,
				1804E5EB1F4575270087EC2B /* Release */,
			);
			defaultConfigurationIsVisible = 0;
			defaultConfigurationName = Release;
		};
		1804E5EC1F4575270087EC2B /* Build configuration list for PBXNativeTarget "GetColor" */ = {
			isa = XCConfigurationList;
			buildConfigurations = (
				1804E5ED1F4575270087EC2B /* Debug */,
				1804E5EE1F4575270087EC2B /* Release */,
			);
			defaultConfigurationIsVisible = 0;
			defaultConfigurationName = Release;
		};
/* End XCConfigurationList section */
	};
	rootObject = 1804E5CD1F4575270087EC2B /* Project object */;
}
